// !$*UTF8*$!
{
	archiveVersion = 1;
	classes = {
	};
	objectVersion = 46;
	objects = {

/* Begin PBXBuildFile section */
		2D50027EFE149D6920A8F699 /* Pods_ListaVeiculosMoobie.framework in Frameworks */ = {isa = PBXBuildFile; fileRef = 52A4269DF13E99BE35BA0BF3 /* Pods_ListaVeiculosMoobie.framework */; };
		813996EE1F459514002466D0 /* GoogleService-Info.plist in Resources */ = {isa = PBXBuildFile; fileRef = 813996ED1F459514002466D0 /* GoogleService-Info.plist */; };
		813996F11F46406B002466D0 /* Extensoes.swift in Sources */ = {isa = PBXBuildFile; fileRef = 813996F01F46406B002466D0 /* Extensoes.swift */; };
		8184BA5F1F3D569D004C10D3 /* AppDelegate.swift in Sources */ = {isa = PBXBuildFile; fileRef = 8184BA5E1F3D569D004C10D3 /* AppDelegate.swift */; };
		8184BA611F3D569E004C10D3 /* ViewController.swift in Sources */ = {isa = PBXBuildFile; fileRef = 8184BA601F3D569E004C10D3 /* ViewController.swift */; };
		8184BA641F3D569E004C10D3 /* Main.storyboard in Resources */ = {isa = PBXBuildFile; fileRef = 8184BA621F3D569E004C10D3 /* Main.storyboard */; };
		8184BA661F3D569E004C10D3 /* Assets.xcassets in Resources */ = {isa = PBXBuildFile; fileRef = 8184BA651F3D569E004C10D3 /* Assets.xcassets */; };
		8184BA691F3D569E004C10D3 /* LaunchScreen.storyboard in Resources */ = {isa = PBXBuildFile; fileRef = 8184BA671F3D569E004C10D3 /* LaunchScreen.storyboard */; };
		8184BA741F3D569E004C10D3 /* ListaVeiculosMoobieTests.swift in Sources */ = {isa = PBXBuildFile; fileRef = 8184BA731F3D569E004C10D3 /* ListaVeiculosMoobieTests.swift */; };
		8184BA7F1F3D569E004C10D3 /* ListaVeiculosMoobieUITests.swift in Sources */ = {isa = PBXBuildFile; fileRef = 8184BA7E1F3D569E004C10D3 /* ListaVeiculosMoobieUITests.swift */; };
		8184BA901F3D575B004C10D3 /* SplashView.swift in Sources */ = {isa = PBXBuildFile; fileRef = 8184BA8F1F3D575B004C10D3 /* SplashView.swift */; };
		8184BA921F3D577D004C10D3 /* CadastroView.swift in Sources */ = {isa = PBXBuildFile; fileRef = 8184BA911F3D577D004C10D3 /* CadastroView.swift */; };
		8184BA941F3D579A004C10D3 /* LoginView.swift in Sources */ = {isa = PBXBuildFile; fileRef = 8184BA931F3D579A004C10D3 /* LoginView.swift */; };
		8184BA961F3D57AE004C10D3 /* Usuario.swift in Sources */ = {isa = PBXBuildFile; fileRef = 8184BA951F3D57AE004C10D3 /* Usuario.swift */; };
		8184BA981F3D57E7004C10D3 /* Carro.swift in Sources */ = {isa = PBXBuildFile; fileRef = 8184BA971F3D57E7004C10D3 /* Carro.swift */; };
		8184BA9A1F3E9995004C10D3 /* CadastroViewController.swift in Sources */ = {isa = PBXBuildFile; fileRef = 8184BA991F3E9995004C10D3 /* CadastroViewController.swift */; };
		8184BA9E1F3EAF40004C10D3 /* .gitignore in Resources */ = {isa = PBXBuildFile; fileRef = 8184BA9D1F3EAF40004C10D3 /* .gitignore */; };
		81D241071F48DC1700EFABE7 /* Marca.swift in Sources */ = {isa = PBXBuildFile; fileRef = 81D241061F48DC1700EFABE7 /* Marca.swift */; };
		81D241091F48DC5D00EFABE7 /* MarcaView.swift in Sources */ = {isa = PBXBuildFile; fileRef = 81D241081F48DC5D00EFABE7 /* MarcaView.swift */; };
		81D2410B1F48E5DE00EFABE7 /* MarcaViewController.swift in Sources */ = {isa = PBXBuildFile; fileRef = 81D2410A1F48E5DE00EFABE7 /* MarcaViewController.swift */; };
		81D2410D1F492F9F00EFABE7 /* LoginViewController.swift in Sources */ = {isa = PBXBuildFile; fileRef = 81D2410C1F492F9F00EFABE7 /* LoginViewController.swift */; };
		81D2410F1F4B8BEF00EFABE7 /* ListaVeiculosMarcaView.swift in Sources */ = {isa = PBXBuildFile; fileRef = 81D2410E1F4B8BEF00EFABE7 /* ListaVeiculosMarcaView.swift */; };
		81D241111F4B8DB000EFABE7 /* ListaModeloVeiculosViewControlletViewController.swift in Sources */ = {isa = PBXBuildFile; fileRef = 81D241101F4B8DB000EFABE7 /* ListaModeloVeiculosViewControlletViewController.swift */; };
		81D241131F4B91E900EFABE7 /* ListaMarcaVeiculosTableViewCell.swift in Sources */ = {isa = PBXBuildFile; fileRef = 81D241121F4B91E900EFABE7 /* ListaMarcaVeiculosTableViewCell.swift */; };
		81D241171F4BC86500EFABE7 /* ListaVeiculosMoobie.xcdatamodeld in Sources */ = {isa = PBXBuildFile; fileRef = 81D241151F4BC86500EFABE7 /* ListaVeiculosMoobie.xcdatamodeld */; };
		81D241191F4BCDF900EFABE7 /* DetalhesMarcaVeiculoViewController.swift in Sources */ = {isa = PBXBuildFile; fileRef = 81D241181F4BCDF900EFABE7 /* DetalhesMarcaVeiculoViewController.swift */; };
		81D2411B1F4BCFE600EFABE7 /* Modelo.swift in Sources */ = {isa = PBXBuildFile; fileRef = 81D2411A1F4BCFE600EFABE7 /* Modelo.swift */; };
		81D2411D1F4BD0A800EFABE7 /* ModeloTableViewCell.swift in Sources */ = {isa = PBXBuildFile; fileRef = 81D2411C1F4BD0A800EFABE7 /* ModeloTableViewCell.swift */; };
		81D2411F1F4BD2DB00EFABE7 /* ModeloView.swift in Sources */ = {isa = PBXBuildFile; fileRef = 81D2411E1F4BD2DB00EFABE7 /* ModeloView.swift */; };
		81D241211F4BDE6000EFABE7 /* DetalheModelo.swift in Sources */ = {isa = PBXBuildFile; fileRef = 81D241201F4BDE6000EFABE7 /* DetalheModelo.swift */; };
		81D241231F4BDF2100EFABE7 /* DetalheModeloView.swift in Sources */ = {isa = PBXBuildFile; fileRef = 81D241221F4BDF2100EFABE7 /* DetalheModeloView.swift */; };
		81D241251F4BE56100EFABE7 /* DetalhesModeloViewController.swift in Sources */ = {isa = PBXBuildFile; fileRef = 81D241241F4BE56100EFABE7 /* DetalhesModeloViewController.swift */; };
		F521A19B8DC57ED6D5D3DDA0 /* Pods_ListaVeiculosMoobieUITests.framework in Frameworks */ = {isa = PBXBuildFile; fileRef = 4A7317E4B959475C39A046C4 /* Pods_ListaVeiculosMoobieUITests.framework */; };
		F7D6E589E9952B056B84DB0B /* Pods_ListaVeiculosMoobieTests.framework in Frameworks */ = {isa = PBXBuildFile; fileRef = 6883C2C09D47F6A8E96F5CE7 /* Pods_ListaVeiculosMoobieTests.framework */; };
/* End PBXBuildFile section */

/* Begin PBXContainerItemProxy section */
		8184BA701F3D569E004C10D3 /* PBXContainerItemProxy */ = {
			isa = PBXContainerItemProxy;
			containerPortal = 8184BA531F3D569D004C10D3 /* Project object */;
			proxyType = 1;
			remoteGlobalIDString = 8184BA5A1F3D569D004C10D3;
			remoteInfo = ListaVeiculosMoobie;
		};
		8184BA7B1F3D569E004C10D3 /* PBXContainerItemProxy */ = {
			isa = PBXContainerItemProxy;
			containerPortal = 8184BA531F3D569D004C10D3 /* Project object */;
			proxyType = 1;
			remoteGlobalIDString = 8184BA5A1F3D569D004C10D3;
			remoteInfo = ListaVeiculosMoobie;
		};
/* End PBXContainerItemProxy section */

/* Begin PBXFileReference section */
		1E189DF04B30E714610DFF2B /* Pods-ListaVeiculosMoobie.release.xcconfig */ = {isa = PBXFileReference; includeInIndex = 1; lastKnownFileType = text.xcconfig; name = "Pods-ListaVeiculosMoobie.release.xcconfig"; path = "Pods/Target Support Files/Pods-ListaVeiculosMoobie/Pods-ListaVeiculosMoobie.release.xcconfig"; sourceTree = "<group>"; };
		2F80CFEB1A15B270946B23DA /* Pods-ListaVeiculosMoobie.debug.xcconfig */ = {isa = PBXFileReference; includeInIndex = 1; lastKnownFileType = text.xcconfig; name = "Pods-ListaVeiculosMoobie.debug.xcconfig"; path = "Pods/Target Support Files/Pods-ListaVeiculosMoobie/Pods-ListaVeiculosMoobie.debug.xcconfig"; sourceTree = "<group>"; };
		4A7317E4B959475C39A046C4 /* Pods_ListaVeiculosMoobieUITests.framework */ = {isa = PBXFileReference; explicitFileType = wrapper.framework; includeInIndex = 0; path = Pods_ListaVeiculosMoobieUITests.framework; sourceTree = BUILT_PRODUCTS_DIR; };
		52A4269DF13E99BE35BA0BF3 /* Pods_ListaVeiculosMoobie.framework */ = {isa = PBXFileReference; explicitFileType = wrapper.framework; includeInIndex = 0; path = Pods_ListaVeiculosMoobie.framework; sourceTree = BUILT_PRODUCTS_DIR; };
		6883C2C09D47F6A8E96F5CE7 /* Pods_ListaVeiculosMoobieTests.framework */ = {isa = PBXFileReference; explicitFileType = wrapper.framework; includeInIndex = 0; path = Pods_ListaVeiculosMoobieTests.framework; sourceTree = BUILT_PRODUCTS_DIR; };
		813996ED1F459514002466D0 /* GoogleService-Info.plist */ = {isa = PBXFileReference; fileEncoding = 4; lastKnownFileType = text.plist.xml; path = "GoogleService-Info.plist"; sourceTree = "<group>"; };
		813996F01F46406B002466D0 /* Extensoes.swift */ = {isa = PBXFileReference; fileEncoding = 4; lastKnownFileType = sourcecode.swift; path = Extensoes.swift; sourceTree = "<group>"; };
		8184BA5B1F3D569D004C10D3 /* ListaVeiculosMoobie.app */ = {isa = PBXFileReference; explicitFileType = wrapper.application; includeInIndex = 0; path = ListaVeiculosMoobie.app; sourceTree = BUILT_PRODUCTS_DIR; };
		8184BA5E1F3D569D004C10D3 /* AppDelegate.swift */ = {isa = PBXFileReference; lastKnownFileType = sourcecode.swift; path = AppDelegate.swift; sourceTree = "<group>"; };
		8184BA601F3D569E004C10D3 /* ViewController.swift */ = {isa = PBXFileReference; lastKnownFileType = sourcecode.swift; path = ViewController.swift; sourceTree = "<group>"; };
		8184BA631F3D569E004C10D3 /* Base */ = {isa = PBXFileReference; lastKnownFileType = file.storyboard; name = Base; path = Base.lproj/Main.storyboard; sourceTree = "<group>"; };
		8184BA651F3D569E004C10D3 /* Assets.xcassets */ = {isa = PBXFileReference; lastKnownFileType = folder.assetcatalog; path = Assets.xcassets; sourceTree = "<group>"; };
		8184BA681F3D569E004C10D3 /* Base */ = {isa = PBXFileReference; lastKnownFileType = file.storyboard; name = Base; path = Base.lproj/LaunchScreen.storyboard; sourceTree = "<group>"; };
		8184BA6A1F3D569E004C10D3 /* Info.plist */ = {isa = PBXFileReference; lastKnownFileType = text.plist.xml; path = Info.plist; sourceTree = "<group>"; };
		8184BA6F1F3D569E004C10D3 /* ListaVeiculosMoobieTests.xctest */ = {isa = PBXFileReference; explicitFileType = wrapper.cfbundle; includeInIndex = 0; path = ListaVeiculosMoobieTests.xctest; sourceTree = BUILT_PRODUCTS_DIR; };
		8184BA731F3D569E004C10D3 /* ListaVeiculosMoobieTests.swift */ = {isa = PBXFileReference; lastKnownFileType = sourcecode.swift; path = ListaVeiculosMoobieTests.swift; sourceTree = "<group>"; };
		8184BA751F3D569E004C10D3 /* Info.plist */ = {isa = PBXFileReference; lastKnownFileType = text.plist.xml; path = Info.plist; sourceTree = "<group>"; };
		8184BA7A1F3D569E004C10D3 /* ListaVeiculosMoobieUITests.xctest */ = {isa = PBXFileReference; explicitFileType = wrapper.cfbundle; includeInIndex = 0; path = ListaVeiculosMoobieUITests.xctest; sourceTree = BUILT_PRODUCTS_DIR; };
		8184BA7E1F3D569E004C10D3 /* ListaVeiculosMoobieUITests.swift */ = {isa = PBXFileReference; lastKnownFileType = sourcecode.swift; path = ListaVeiculosMoobieUITests.swift; sourceTree = "<group>"; };
		8184BA801F3D569E004C10D3 /* Info.plist */ = {isa = PBXFileReference; lastKnownFileType = text.plist.xml; path = Info.plist; sourceTree = "<group>"; };
		8184BA8F1F3D575B004C10D3 /* SplashView.swift */ = {isa = PBXFileReference; fileEncoding = 4; lastKnownFileType = sourcecode.swift; path = SplashView.swift; sourceTree = "<group>"; };
		8184BA911F3D577D004C10D3 /* CadastroView.swift */ = {isa = PBXFileReference; fileEncoding = 4; lastKnownFileType = sourcecode.swift; path = CadastroView.swift; sourceTree = "<group>"; };
		8184BA931F3D579A004C10D3 /* LoginView.swift */ = {isa = PBXFileReference; fileEncoding = 4; lastKnownFileType = sourcecode.swift; path = LoginView.swift; sourceTree = "<group>"; };
		8184BA951F3D57AE004C10D3 /* Usuario.swift */ = {isa = PBXFileReference; fileEncoding = 4; lastKnownFileType = sourcecode.swift; path = Usuario.swift; sourceTree = "<group>"; };
		8184BA971F3D57E7004C10D3 /* Carro.swift */ = {isa = PBXFileReference; fileEncoding = 4; lastKnownFileType = sourcecode.swift; path = Carro.swift; sourceTree = "<group>"; };
		8184BA991F3E9995004C10D3 /* CadastroViewController.swift */ = {isa = PBXFileReference; fileEncoding = 4; lastKnownFileType = sourcecode.swift; path = CadastroViewController.swift; sourceTree = "<group>"; };
		8184BA9D1F3EAF40004C10D3 /* .gitignore */ = {isa = PBXFileReference; fileEncoding = 4; lastKnownFileType = text; path = .gitignore; sourceTree = "<group>"; };
		81D241061F48DC1700EFABE7 /* Marca.swift */ = {isa = PBXFileReference; fileEncoding = 4; lastKnownFileType = sourcecode.swift; path = Marca.swift; sourceTree = "<group>"; };
		81D241081F48DC5D00EFABE7 /* MarcaView.swift */ = {isa = PBXFileReference; fileEncoding = 4; lastKnownFileType = sourcecode.swift; path = MarcaView.swift; sourceTree = "<group>"; };
		81D2410A1F48E5DE00EFABE7 /* MarcaViewController.swift */ = {isa = PBXFileReference; fileEncoding = 4; lastKnownFileType = sourcecode.swift; path = MarcaViewController.swift; sourceTree = "<group>"; };
		81D2410C1F492F9F00EFABE7 /* LoginViewController.swift */ = {isa = PBXFileReference; fileEncoding = 4; lastKnownFileType = sourcecode.swift; path = LoginViewController.swift; sourceTree = "<group>"; };
		81D2410E1F4B8BEF00EFABE7 /* ListaVeiculosMarcaView.swift */ = {isa = PBXFileReference; fileEncoding = 4; lastKnownFileType = sourcecode.swift; path = ListaVeiculosMarcaView.swift; sourceTree = "<group>"; };
		81D241101F4B8DB000EFABE7 /* ListaModeloVeiculosViewControlletViewController.swift */ = {isa = PBXFileReference; fileEncoding = 4; lastKnownFileType = sourcecode.swift; path = ListaModeloVeiculosViewControlletViewController.swift; sourceTree = "<group>"; };
		81D241121F4B91E900EFABE7 /* ListaMarcaVeiculosTableViewCell.swift */ = {isa = PBXFileReference; fileEncoding = 4; lastKnownFileType = sourcecode.swift; path = ListaMarcaVeiculosTableViewCell.swift; sourceTree = "<group>"; };
		81D241161F4BC86500EFABE7 /* ListaVeiculosMoobie.xcdatamodel */ = {isa = PBXFileReference; lastKnownFileType = wrapper.xcdatamodel; path = ListaVeiculosMoobie.xcdatamodel; sourceTree = "<group>"; };
		81D241181F4BCDF900EFABE7 /* DetalhesMarcaVeiculoViewController.swift */ = {isa = PBXFileReference; fileEncoding = 4; lastKnownFileType = sourcecode.swift; path = DetalhesMarcaVeiculoViewController.swift; sourceTree = "<group>"; };
		81D2411A1F4BCFE600EFABE7 /* Modelo.swift */ = {isa = PBXFileReference; fileEncoding = 4; lastKnownFileType = sourcecode.swift; path = Modelo.swift; sourceTree = "<group>"; };
		81D2411C1F4BD0A800EFABE7 /* ModeloTableViewCell.swift */ = {isa = PBXFileReference; fileEncoding = 4; lastKnownFileType = sourcecode.swift; path = ModeloTableViewCell.swift; sourceTree = "<group>"; };
		81D2411E1F4BD2DB00EFABE7 /* ModeloView.swift */ = {isa = PBXFileReference; fileEncoding = 4; lastKnownFileType = sourcecode.swift; path = ModeloView.swift; sourceTree = "<group>"; };
		81D241201F4BDE6000EFABE7 /* DetalheModelo.swift */ = {isa = PBXFileReference; fileEncoding = 4; lastKnownFileType = sourcecode.swift; path = DetalheModelo.swift; sourceTree = "<group>"; };
		81D241221F4BDF2100EFABE7 /* DetalheModeloView.swift */ = {isa = PBXFileReference; fileEncoding = 4; lastKnownFileType = sourcecode.swift; path = DetalheModeloView.swift; sourceTree = "<group>"; };
		81D241241F4BE56100EFABE7 /* DetalhesModeloViewController.swift */ = {isa = PBXFileReference; fileEncoding = 4; lastKnownFileType = sourcecode.swift; path = DetalhesModeloViewController.swift; sourceTree = "<group>"; };
		C2A736BE5511A45AAB509C29 /* Pods-ListaVeiculosMoobieTests.debug.xcconfig */ = {isa = PBXFileReference; includeInIndex = 1; lastKnownFileType = text.xcconfig; name = "Pods-ListaVeiculosMoobieTests.debug.xcconfig"; path = "Pods/Target Support Files/Pods-ListaVeiculosMoobieTests/Pods-ListaVeiculosMoobieTests.debug.xcconfig"; sourceTree = "<group>"; };
		C3EA127442B03752C4E4FBB6 /* Pods-ListaVeiculosMoobieTests.release.xcconfig */ = {isa = PBXFileReference; includeInIndex = 1; lastKnownFileType = text.xcconfig; name = "Pods-ListaVeiculosMoobieTests.release.xcconfig"; path = "Pods/Target Support Files/Pods-ListaVeiculosMoobieTests/Pods-ListaVeiculosMoobieTests.release.xcconfig"; sourceTree = "<group>"; };
		C7E68ECAF7083222FF3F7949 /* Pods-ListaVeiculosMoobieUITests.release.xcconfig */ = {isa = PBXFileReference; includeInIndex = 1; lastKnownFileType = text.xcconfig; name = "Pods-ListaVeiculosMoobieUITests.release.xcconfig"; path = "Pods/Target Support Files/Pods-ListaVeiculosMoobieUITests/Pods-ListaVeiculosMoobieUITests.release.xcconfig"; sourceTree = "<group>"; };
		FC5A2F5F86BB19E050260010 /* Pods-ListaVeiculosMoobieUITests.debug.xcconfig */ = {isa = PBXFileReference; includeInIndex = 1; lastKnownFileType = text.xcconfig; name = "Pods-ListaVeiculosMoobieUITests.debug.xcconfig"; path = "Pods/Target Support Files/Pods-ListaVeiculosMoobieUITests/Pods-ListaVeiculosMoobieUITests.debug.xcconfig"; sourceTree = "<group>"; };
/* End PBXFileReference section */

/* Begin PBXFrameworksBuildPhase section */
		8184BA581F3D569D004C10D3 /* Frameworks */ = {
			isa = PBXFrameworksBuildPhase;
			buildActionMask = 2147483647;
			files = (
				2D50027EFE149D6920A8F699 /* Pods_ListaVeiculosMoobie.framework in Frameworks */,
			);
			runOnlyForDeploymentPostprocessing = 0;
		};
		8184BA6C1F3D569E004C10D3 /* Frameworks */ = {
			isa = PBXFrameworksBuildPhase;
			buildActionMask = 2147483647;
			files = (
				F7D6E589E9952B056B84DB0B /* Pods_ListaVeiculosMoobieTests.framework in Frameworks */,
			);
			runOnlyForDeploymentPostprocessing = 0;
		};
		8184BA771F3D569E004C10D3 /* Frameworks */ = {
			isa = PBXFrameworksBuildPhase;
			buildActionMask = 2147483647;
			files = (
				F521A19B8DC57ED6D5D3DDA0 /* Pods_ListaVeiculosMoobieUITests.framework in Frameworks */,
			);
			runOnlyForDeploymentPostprocessing = 0;
		};
/* End PBXFrameworksBuildPhase section */

/* Begin PBXGroup section */
		6C415D5F022B9C6B3A4FDF24 /* Frameworks */ = {
			isa = PBXGroup;
			children = (
				52A4269DF13E99BE35BA0BF3 /* Pods_ListaVeiculosMoobie.framework */,
				6883C2C09D47F6A8E96F5CE7 /* Pods_ListaVeiculosMoobieTests.framework */,
				4A7317E4B959475C39A046C4 /* Pods_ListaVeiculosMoobieUITests.framework */,
			);
			name = Frameworks;
			sourceTree = "<group>";
		};
		773B0330A68B95CCEA04A1C7 /* Pods */ = {
			isa = PBXGroup;
			children = (
				2F80CFEB1A15B270946B23DA /* Pods-ListaVeiculosMoobie.debug.xcconfig */,
				1E189DF04B30E714610DFF2B /* Pods-ListaVeiculosMoobie.release.xcconfig */,
				C2A736BE5511A45AAB509C29 /* Pods-ListaVeiculosMoobieTests.debug.xcconfig */,
				C3EA127442B03752C4E4FBB6 /* Pods-ListaVeiculosMoobieTests.release.xcconfig */,
				FC5A2F5F86BB19E050260010 /* Pods-ListaVeiculosMoobieUITests.debug.xcconfig */,
				C7E68ECAF7083222FF3F7949 /* Pods-ListaVeiculosMoobieUITests.release.xcconfig */,
			);
			name = Pods;
			sourceTree = "<group>";
		};
		813996EF1F464018002466D0 /* Util */ = {
			isa = PBXGroup;
			children = (
				813996F01F46406B002466D0 /* Extensoes.swift */,
			);
			name = Util;
			sourceTree = "<group>";
		};
		8184BA521F3D569D004C10D3 = {
			isa = PBXGroup;
			children = (
				8184BA5D1F3D569D004C10D3 /* ListaVeiculosMoobie */,
				8184BA721F3D569E004C10D3 /* ListaVeiculosMoobieTests */,
				8184BA7D1F3D569E004C10D3 /* ListaVeiculosMoobieUITests */,
				8184BA5C1F3D569D004C10D3 /* Products */,
				773B0330A68B95CCEA04A1C7 /* Pods */,
				6C415D5F022B9C6B3A4FDF24 /* Frameworks */,
			);
			sourceTree = "<group>";
		};
		8184BA5C1F3D569D004C10D3 /* Products */ = {
			isa = PBXGroup;
			children = (
				8184BA5B1F3D569D004C10D3 /* ListaVeiculosMoobie.app */,
				8184BA6F1F3D569E004C10D3 /* ListaVeiculosMoobieTests.xctest */,
				8184BA7A1F3D569E004C10D3 /* ListaVeiculosMoobieUITests.xctest */,
			);
			name = Products;
			sourceTree = "<group>";
		};
		8184BA5D1F3D569D004C10D3 /* ListaVeiculosMoobie */ = {
			isa = PBXGroup;
			children = (
				81D241141F4BC83500EFABE7 /* Data */,
				813996EF1F464018002466D0 /* Util */,
				813996ED1F459514002466D0 /* GoogleService-Info.plist */,
				8184BA8E1F3D5708004C10D3 /* Controller */,
				8184BA8D1F3D56FB004C10D3 /* Model */,
				8184BA8C1F3D56F3004C10D3 /* View */,
				8184BA5E1F3D569D004C10D3 /* AppDelegate.swift */,
				8184BA601F3D569E004C10D3 /* ViewController.swift */,
				8184BA621F3D569E004C10D3 /* Main.storyboard */,
				8184BA651F3D569E004C10D3 /* Assets.xcassets */,
				8184BA671F3D569E004C10D3 /* LaunchScreen.storyboard */,
				8184BA6A1F3D569E004C10D3 /* Info.plist */,
				8184BA9D1F3EAF40004C10D3 /* .gitignore */,
			);
			path = ListaVeiculosMoobie;
			sourceTree = "<group>";
		};
		8184BA721F3D569E004C10D3 /* ListaVeiculosMoobieTests */ = {
			isa = PBXGroup;
			children = (
				8184BA731F3D569E004C10D3 /* ListaVeiculosMoobieTests.swift */,
				8184BA751F3D569E004C10D3 /* Info.plist */,
			);
			path = ListaVeiculosMoobieTests;
			sourceTree = "<group>";
		};
		8184BA7D1F3D569E004C10D3 /* ListaVeiculosMoobieUITests */ = {
			isa = PBXGroup;
			children = (
				8184BA7E1F3D569E004C10D3 /* ListaVeiculosMoobieUITests.swift */,
				8184BA801F3D569E004C10D3 /* Info.plist */,
			);
			path = ListaVeiculosMoobieUITests;
			sourceTree = "<group>";
		};
		8184BA8C1F3D56F3004C10D3 /* View */ = {
			isa = PBXGroup;
			children = (
				8184BA8F1F3D575B004C10D3 /* SplashView.swift */,
				8184BA911F3D577D004C10D3 /* CadastroView.swift */,
				8184BA931F3D579A004C10D3 /* LoginView.swift */,
				81D241081F48DC5D00EFABE7 /* MarcaView.swift */,
				81D2410E1F4B8BEF00EFABE7 /* ListaVeiculosMarcaView.swift */,
				81D241121F4B91E900EFABE7 /* ListaMarcaVeiculosTableViewCell.swift */,
				81D2411C1F4BD0A800EFABE7 /* ModeloTableViewCell.swift */,
				81D2411E1F4BD2DB00EFABE7 /* ModeloView.swift */,
				81D241221F4BDF2100EFABE7 /* DetalheModeloView.swift */,
			);
			name = View;
			sourceTree = "<group>";
		};
		8184BA8D1F3D56FB004C10D3 /* Model */ = {
			isa = PBXGroup;
			children = (
				8184BA951F3D57AE004C10D3 /* Usuario.swift */,
				81D2411A1F4BCFE600EFABE7 /* Modelo.swift */,
				8184BA971F3D57E7004C10D3 /* Carro.swift */,
				81D241061F48DC1700EFABE7 /* Marca.swift */,
				81D241201F4BDE6000EFABE7 /* DetalheModelo.swift */,
			);
			name = Model;
			sourceTree = "<group>";
		};
		8184BA8E1F3D5708004C10D3 /* Controller */ = {
			isa = PBXGroup;
			children = (
				8184BA991F3E9995004C10D3 /* CadastroViewController.swift */,
				81D2410A1F48E5DE00EFABE7 /* MarcaViewController.swift */,
				81D2410C1F492F9F00EFABE7 /* LoginViewController.swift */,
				81D241101F4B8DB000EFABE7 /* ListaModeloVeiculosViewControlletViewController.swift */,
				81D241181F4BCDF900EFABE7 /* DetalhesMarcaVeiculoViewController.swift */,
				81D241241F4BE56100EFABE7 /* DetalhesModeloViewController.swift */,
			);
			name = Controller;
			sourceTree = "<group>";
		};
		81D241141F4BC83500EFABE7 /* Data */ = {
			isa = PBXGroup;
			children = (
				81D241151F4BC86500EFABE7 /* ListaVeiculosMoobie.xcdatamodeld */,
			);
			name = Data;
			sourceTree = "<group>";
		};
/* End PBXGroup section */

/* Begin PBXNativeTarget section */
		8184BA5A1F3D569D004C10D3 /* ListaVeiculosMoobie */ = {
			isa = PBXNativeTarget;
			buildConfigurationList = 8184BA831F3D569E004C10D3 /* Build configuration list for PBXNativeTarget "ListaVeiculosMoobie" */;
			buildPhases = (
				01EECBD3FFB3409D330C9A28 /* [CP] Check Pods Manifest.lock */,
				8184BA571F3D569D004C10D3 /* Sources */,
				8184BA581F3D569D004C10D3 /* Frameworks */,
				8184BA591F3D569D004C10D3 /* Resources */,
				78B60053814EF174413BD9E2 /* [CP] Embed Pods Frameworks */,
				F6AC0CBA29C6B6533C0D5FB2 /* [CP] Copy Pods Resources */,
			);
			buildRules = (
			);
			dependencies = (
			);
			name = ListaVeiculosMoobie;
			productName = ListaVeiculosMoobie;
			productReference = 8184BA5B1F3D569D004C10D3 /* ListaVeiculosMoobie.app */;
			productType = "com.apple.product-type.application";
		};
		8184BA6E1F3D569E004C10D3 /* ListaVeiculosMoobieTests */ = {
			isa = PBXNativeTarget;
			buildConfigurationList = 8184BA861F3D569E004C10D3 /* Build configuration list for PBXNativeTarget "ListaVeiculosMoobieTests" */;
			buildPhases = (
				01C231EA25EF5F8F21316EA2 /* [CP] Check Pods Manifest.lock */,
				8184BA6B1F3D569E004C10D3 /* Sources */,
				8184BA6C1F3D569E004C10D3 /* Frameworks */,
				8184BA6D1F3D569E004C10D3 /* Resources */,
				75068097CA01A5078FFC8E73 /* [CP] Embed Pods Frameworks */,
				50C8EA36F180E76F9416644B /* [CP] Copy Pods Resources */,
			);
			buildRules = (
			);
			dependencies = (
				8184BA711F3D569E004C10D3 /* PBXTargetDependency */,
			);
			name = ListaVeiculosMoobieTests;
			productName = ListaVeiculosMoobieTests;
			productReference = 8184BA6F1F3D569E004C10D3 /* ListaVeiculosMoobieTests.xctest */;
			productType = "com.apple.product-type.bundle.unit-test";
		};
		8184BA791F3D569E004C10D3 /* ListaVeiculosMoobieUITests */ = {
			isa = PBXNativeTarget;
			buildConfigurationList = 8184BA891F3D569E004C10D3 /* Build configuration list for PBXNativeTarget "ListaVeiculosMoobieUITests" */;
			buildPhases = (
				38F029481226F82180E12921 /* [CP] Check Pods Manifest.lock */,
				8184BA761F3D569E004C10D3 /* Sources */,
				8184BA771F3D569E004C10D3 /* Frameworks */,
				8184BA781F3D569E004C10D3 /* Resources */,
				E2C66A495F92EFCE5E193BF7 /* [CP] Embed Pods Frameworks */,
				CFD2203554E35792D308FE73 /* [CP] Copy Pods Resources */,
			);
			buildRules = (
			);
			dependencies = (
				8184BA7C1F3D569E004C10D3 /* PBXTargetDependency */,
			);
			name = ListaVeiculosMoobieUITests;
			productName = ListaVeiculosMoobieUITests;
			productReference = 8184BA7A1F3D569E004C10D3 /* ListaVeiculosMoobieUITests.xctest */;
			productType = "com.apple.product-type.bundle.ui-testing";
		};
/* End PBXNativeTarget section */

/* Begin PBXProject section */
		8184BA531F3D569D004C10D3 /* Project object */ = {
			isa = PBXProject;
			attributes = {
				LastSwiftUpdateCheck = 0830;
				LastUpgradeCheck = 0830;
				ORGANIZATIONNAME = Vinicius;
				TargetAttributes = {
					8184BA5A1F3D569D004C10D3 = {
						CreatedOnToolsVersion = 8.3.3;
						DevelopmentTeam = 889286V7CX;
						ProvisioningStyle = Automatic;
					};
					8184BA6E1F3D569E004C10D3 = {
						CreatedOnToolsVersion = 8.3.3;
						DevelopmentTeam = 889286V7CX;
						ProvisioningStyle = Automatic;
						TestTargetID = 8184BA5A1F3D569D004C10D3;
					};
					8184BA791F3D569E004C10D3 = {
						CreatedOnToolsVersion = 8.3.3;
						DevelopmentTeam = 889286V7CX;
						ProvisioningStyle = Automatic;
						TestTargetID = 8184BA5A1F3D569D004C10D3;
					};
				};
			};
			buildConfigurationList = 8184BA561F3D569D004C10D3 /* Build configuration list for PBXProject "ListaVeiculosMoobie" */;
			compatibilityVersion = "Xcode 3.2";
			developmentRegion = English;
			hasScannedForEncodings = 0;
			knownRegions = (
				en,
				Base,
			);
			mainGroup = 8184BA521F3D569D004C10D3;
			productRefGroup = 8184BA5C1F3D569D004C10D3 /* Products */;
			projectDirPath = "";
			projectRoot = "";
			targets = (
				8184BA5A1F3D569D004C10D3 /* ListaVeiculosMoobie */,
				8184BA6E1F3D569E004C10D3 /* ListaVeiculosMoobieTests */,
				8184BA791F3D569E004C10D3 /* ListaVeiculosMoobieUITests */,
			);
		};
/* End PBXProject section */

/* Begin PBXResourcesBuildPhase section */
		8184BA591F3D569D004C10D3 /* Resources */ = {
			isa = PBXResourcesBuildPhase;
			buildActionMask = 2147483647;
			files = (
				8184BA9E1F3EAF40004C10D3 /* .gitignore in Resources */,
				8184BA691F3D569E004C10D3 /* LaunchScreen.storyboard in Resources */,
				8184BA661F3D569E004C10D3 /* Assets.xcassets in Resources */,
				8184BA641F3D569E004C10D3 /* Main.storyboard in Resources */,
				813996EE1F459514002466D0 /* GoogleService-Info.plist in Resources */,
			);
			runOnlyForDeploymentPostprocessing = 0;
		};
		8184BA6D1F3D569E004C10D3 /* Resources */ = {
			isa = PBXResourcesBuildPhase;
			buildActionMask = 2147483647;
			files = (
			);
			runOnlyForDeploymentPostprocessing = 0;
		};
		8184BA781F3D569E004C10D3 /* Resources */ = {
			isa = PBXResourcesBuildPhase;
			buildActionMask = 2147483647;
			files = (
			);
			runOnlyForDeploymentPostprocessing = 0;
		};
/* End PBXResourcesBuildPhase section */

/* Begin PBXShellScriptBuildPhase section */
		01C231EA25EF5F8F21316EA2 /* [CP] Check Pods Manifest.lock */ = {
			isa = PBXShellScriptBuildPhase;
			buildActionMask = 2147483647;
			files = (
			);
			inputPaths = (
			);
			name = "[CP] Check Pods Manifest.lock";
			outputPaths = (
			);
			runOnlyForDeploymentPostprocessing = 0;
			shellPath = /bin/sh;
			shellScript = "diff \"${PODS_ROOT}/../Podfile.lock\" \"${PODS_ROOT}/Manifest.lock\" > /dev/null\nif [ $? != 0 ] ; then\n    # print error to STDERR\n    echo \"error: The sandbox is not in sync with the Podfile.lock. Run 'pod install' or update your CocoaPods installation.\" >&2\n    exit 1\nfi\n";
			showEnvVarsInLog = 0;
		};
		01EECBD3FFB3409D330C9A28 /* [CP] Check Pods Manifest.lock */ = {
			isa = PBXShellScriptBuildPhase;
			buildActionMask = 2147483647;
			files = (
			);
			inputPaths = (
			);
			name = "[CP] Check Pods Manifest.lock";
			outputPaths = (
			);
			runOnlyForDeploymentPostprocessing = 0;
			shellPath = /bin/sh;
			shellScript = "diff \"${PODS_ROOT}/../Podfile.lock\" \"${PODS_ROOT}/Manifest.lock\" > /dev/null\nif [ $? != 0 ] ; then\n    # print error to STDERR\n    echo \"error: The sandbox is not in sync with the Podfile.lock. Run 'pod install' or update your CocoaPods installation.\" >&2\n    exit 1\nfi\n";
			showEnvVarsInLog = 0;
		};
		38F029481226F82180E12921 /* [CP] Check Pods Manifest.lock */ = {
			isa = PBXShellScriptBuildPhase;
			buildActionMask = 2147483647;
			files = (
			);
			inputPaths = (
			);
			name = "[CP] Check Pods Manifest.lock";
			outputPaths = (
			);
			runOnlyForDeploymentPostprocessing = 0;
			shellPath = /bin/sh;
			shellScript = "diff \"${PODS_ROOT}/../Podfile.lock\" \"${PODS_ROOT}/Manifest.lock\" > /dev/null\nif [ $? != 0 ] ; then\n    # print error to STDERR\n    echo \"error: The sandbox is not in sync with the Podfile.lock. Run 'pod install' or update your CocoaPods installation.\" >&2\n    exit 1\nfi\n";
			showEnvVarsInLog = 0;
		};
		50C8EA36F180E76F9416644B /* [CP] Copy Pods Resources */ = {
			isa = PBXShellScriptBuildPhase;
			buildActionMask = 2147483647;
			files = (
			);
			inputPaths = (
			);
			name = "[CP] Copy Pods Resources";
			outputPaths = (
			);
			runOnlyForDeploymentPostprocessing = 0;
			shellPath = /bin/sh;
			shellScript = "\"${SRCROOT}/Pods/Target Support Files/Pods-ListaVeiculosMoobieTests/Pods-ListaVeiculosMoobieTests-resources.sh\"\n";
			showEnvVarsInLog = 0;
		};
		75068097CA01A5078FFC8E73 /* [CP] Embed Pods Frameworks */ = {
			isa = PBXShellScriptBuildPhase;
			buildActionMask = 2147483647;
			files = (
			);
			inputPaths = (
			);
			name = "[CP] Embed Pods Frameworks";
			outputPaths = (
			);
			runOnlyForDeploymentPostprocessing = 0;
			shellPath = /bin/sh;
			shellScript = "\"${SRCROOT}/Pods/Target Support Files/Pods-ListaVeiculosMoobieTests/Pods-ListaVeiculosMoobieTests-frameworks.sh\"\n";
			showEnvVarsInLog = 0;
		};
		78B60053814EF174413BD9E2 /* [CP] Embed Pods Frameworks */ = {
			isa = PBXShellScriptBuildPhase;
			buildActionMask = 2147483647;
			files = (
			);
			inputPaths = (
			);
			name = "[CP] Embed Pods Frameworks";
			outputPaths = (
			);
			runOnlyForDeploymentPostprocessing = 0;
			shellPath = /bin/sh;
			shellScript = "\"${SRCROOT}/Pods/Target Support Files/Pods-ListaVeiculosMoobie/Pods-ListaVeiculosMoobie-frameworks.sh\"\n";
			showEnvVarsInLog = 0;
		};
		CFD2203554E35792D308FE73 /* [CP] Copy Pods Resources */ = {
			isa = PBXShellScriptBuildPhase;
			buildActionMask = 2147483647;
			files = (
			);
			inputPaths = (
			);
			name = "[CP] Copy Pods Resources";
			outputPaths = (
			);
			runOnlyForDeploymentPostprocessing = 0;
			shellPath = /bin/sh;
			shellScript = "\"${SRCROOT}/Pods/Target Support Files/Pods-ListaVeiculosMoobieUITests/Pods-ListaVeiculosMoobieUITests-resources.sh\"\n";
			showEnvVarsInLog = 0;
		};
		E2C66A495F92EFCE5E193BF7 /* [CP] Embed Pods Frameworks */ = {
			isa = PBXShellScriptBuildPhase;
			buildActionMask = 2147483647;
			files = (
			);
			inputPaths = (
			);
			name = "[CP] Embed Pods Frameworks";
			outputPaths = (
			);
			runOnlyForDeploymentPostprocessing = 0;
			shellPath = /bin/sh;
			shellScript = "\"${SRCROOT}/Pods/Target Support Files/Pods-ListaVeiculosMoobieUITests/Pods-ListaVeiculosMoobieUITests-frameworks.sh\"\n";
			showEnvVarsInLog = 0;
		};
		F6AC0CBA29C6B6533C0D5FB2 /* [CP] Copy Pods Resources */ = {
			isa = PBXShellScriptBuildPhase;
			buildActionMask = 2147483647;
			files = (
			);
			inputPaths = (
			);
			name = "[CP] Copy Pods Resources";
			outputPaths = (
			);
			runOnlyForDeploymentPostprocessing = 0;
			shellPath = /bin/sh;
			shellScript = "\"${SRCROOT}/Pods/Target Support Files/Pods-ListaVeiculosMoobie/Pods-ListaVeiculosMoobie-resources.sh\"\n";
			showEnvVarsInLog = 0;
		};
/* End PBXShellScriptBuildPhase section */

/* Begin PBXSourcesBuildPhase section */
		8184BA571F3D569D004C10D3 /* Sources */ = {
			isa = PBXSourcesBuildPhase;
			buildActionMask = 2147483647;
			files = (
				8184BA981F3D57E7004C10D3 /* Carro.swift in Sources */,
				8184BA611F3D569E004C10D3 /* ViewController.swift in Sources */,
				81D241071F48DC1700EFABE7 /* Marca.swift in Sources */,
				81D241191F4BCDF900EFABE7 /* DetalhesMarcaVeiculoViewController.swift in Sources */,
				81D241111F4B8DB000EFABE7 /* ListaModeloVeiculosViewControlletViewController.swift in Sources */,
				8184BA921F3D577D004C10D3 /* CadastroView.swift in Sources */,
				8184BA961F3D57AE004C10D3 /* Usuario.swift in Sources */,
				8184BA5F1F3D569D004C10D3 /* AppDelegate.swift in Sources */,
				81D241171F4BC86500EFABE7 /* ListaVeiculosMoobie.xcdatamodeld in Sources */,
				813996F11F46406B002466D0 /* Extensoes.swift in Sources */,
				81D2410B1F48E5DE00EFABE7 /* MarcaViewController.swift in Sources */,
				8184BA941F3D579A004C10D3 /* LoginView.swift in Sources */,
				8184BA901F3D575B004C10D3 /* SplashView.swift in Sources */,
				81D241091F48DC5D00EFABE7 /* MarcaView.swift in Sources */,
				81D2411F1F4BD2DB00EFABE7 /* ModeloView.swift in Sources */,
				81D241231F4BDF2100EFABE7 /* DetalheModeloView.swift in Sources */,
				81D2410F1F4B8BEF00EFABE7 /* ListaVeiculosMarcaView.swift in Sources */,
				81D2411D1F4BD0A800EFABE7 /* ModeloTableViewCell.swift in Sources */,
				81D241211F4BDE6000EFABE7 /* DetalheModelo.swift in Sources */,
				81D2411B1F4BCFE600EFABE7 /* Modelo.swift in Sources */,
				81D2410D1F492F9F00EFABE7 /* LoginViewController.swift in Sources */,
				81D241131F4B91E900EFABE7 /* ListaMarcaVeiculosTableViewCell.swift in Sources */,
				81D241251F4BE56100EFABE7 /* DetalhesModeloViewController.swift in Sources */,
				8184BA9A1F3E9995004C10D3 /* CadastroViewController.swift in Sources */,
			);
			runOnlyForDeploymentPostprocessing = 0;
		};
		8184BA6B1F3D569E004C10D3 /* Sources */ = {
			isa = PBXSourcesBuildPhase;
			buildActionMask = 2147483647;
			files = (
				8184BA741F3D569E004C10D3 /* ListaVeiculosMoobieTests.swift in Sources */,
			);
			runOnlyForDeploymentPostprocessing = 0;
		};
		8184BA761F3D569E004C10D3 /* Sources */ = {
			isa = PBXSourcesBuildPhase;
			buildActionMask = 2147483647;
			files = (
				8184BA7F1F3D569E004C10D3 /* ListaVeiculosMoobieUITests.swift in Sources */,
			);
			runOnlyForDeploymentPostprocessing = 0;
		};
/* End PBXSourcesBuildPhase section */

/* Begin PBXTargetDependency section */
		8184BA711F3D569E004C10D3 /* PBXTargetDependency */ = {
			isa = PBXTargetDependency;
			target = 8184BA5A1F3D569D004C10D3 /* ListaVeiculosMoobie */;
			targetProxy = 8184BA701F3D569E004C10D3 /* PBXContainerItemProxy */;
		};
		8184BA7C1F3D569E004C10D3 /* PBXTargetDependency */ = {
			isa = PBXTargetDependency;
			target = 8184BA5A1F3D569D004C10D3 /* ListaVeiculosMoobie */;
			targetProxy = 8184BA7B1F3D569E004C10D3 /* PBXContainerItemProxy */;
		};
/* End PBXTargetDependency section */

/* Begin PBXVariantGroup section */
		8184BA621F3D569E004C10D3 /* Main.storyboard */ = {
			isa = PBXVariantGroup;
			children = (
				8184BA631F3D569E004C10D3 /* Base */,
			);
			name = Main.storyboard;
			sourceTree = "<group>";
		};
		8184BA671F3D569E004C10D3 /* LaunchScreen.storyboard */ = {
			isa = PBXVariantGroup;
			children = (
				8184BA681F3D569E004C10D3 /* Base */,
			);
			name = LaunchScreen.storyboard;
			sourceTree = "<group>";
		};
/* End PBXVariantGroup section */

/* Begin XCBuildConfiguration section */
		8184BA811F3D569E004C10D3 /* Debug */ = {
			isa = XCBuildConfiguration;
			buildSettings = {
				ALWAYS_SEARCH_USER_PATHS = NO;
				CLANG_ANALYZER_NONNULL = YES;
				CLANG_ANALYZER_NUMBER_OBJECT_CONVERSION = YES_AGGRESSIVE;
				CLANG_CXX_LANGUAGE_STANDARD = "gnu++0x";
				CLANG_CXX_LIBRARY = "libc++";
				CLANG_ENABLE_MODULES = YES;
				CLANG_ENABLE_OBJC_ARC = YES;
				CLANG_WARN_BOOL_CONVERSION = YES;
				CLANG_WARN_CONSTANT_CONVERSION = YES;
				CLANG_WARN_DIRECT_OBJC_ISA_USAGE = YES_ERROR;
				CLANG_WARN_DOCUMENTATION_COMMENTS = YES;
				CLANG_WARN_EMPTY_BODY = YES;
				CLANG_WARN_ENUM_CONVERSION = YES;
				CLANG_WARN_INFINITE_RECURSION = YES;
				CLANG_WARN_INT_CONVERSION = YES;
				CLANG_WARN_OBJC_ROOT_CLASS = YES_ERROR;
				CLANG_WARN_SUSPICIOUS_MOVE = YES;
				CLANG_WARN_UNREACHABLE_CODE = YES;
				CLANG_WARN__DUPLICATE_METHOD_MATCH = YES;
				"CODE_SIGN_IDENTITY[sdk=iphoneos*]" = "iPhone Developer";
				COPY_PHASE_STRIP = NO;
				DEBUG_INFORMATION_FORMAT = dwarf;
				ENABLE_STRICT_OBJC_MSGSEND = YES;
				ENABLE_TESTABILITY = YES;
				GCC_C_LANGUAGE_STANDARD = gnu99;
				GCC_DYNAMIC_NO_PIC = NO;
				GCC_NO_COMMON_BLOCKS = YES;
				GCC_OPTIMIZATION_LEVEL = 0;
				GCC_PREPROCESSOR_DEFINITIONS = (
					"DEBUG=1",
					"$(inherited)",
				);
				GCC_WARN_64_TO_32_BIT_CONVERSION = YES;
				GCC_WARN_ABOUT_RETURN_TYPE = YES_ERROR;
				GCC_WARN_UNDECLARED_SELECTOR = YES;
				GCC_WARN_UNINITIALIZED_AUTOS = YES_AGGRESSIVE;
				GCC_WARN_UNUSED_FUNCTION = YES;
				GCC_WARN_UNUSED_VARIABLE = YES;
				IPHONEOS_DEPLOYMENT_TARGET = 10.3;
				MTL_ENABLE_DEBUG_INFO = YES;
				ONLY_ACTIVE_ARCH = YES;
				SDKROOT = iphoneos;
				SWIFT_ACTIVE_COMPILATION_CONDITIONS = DEBUG;
				SWIFT_OPTIMIZATION_LEVEL = "-Onone";
				TARGETED_DEVICE_FAMILY = "1,2";
			};
			name = Debug;
		};
		8184BA821F3D569E004C10D3 /* Release */ = {
			isa = XCBuildConfiguration;
			buildSettings = {
				ALWAYS_SEARCH_USER_PATHS = NO;
				CLANG_ANALYZER_NONNULL = YES;
				CLANG_ANALYZER_NUMBER_OBJECT_CONVERSION = YES_AGGRESSIVE;
				CLANG_CXX_LANGUAGE_STANDARD = "gnu++0x";
				CLANG_CXX_LIBRARY = "libc++";
				CLANG_ENABLE_MODULES = YES;
				CLANG_ENABLE_OBJC_ARC = YES;
				CLANG_WARN_BOOL_CONVERSION = YES;
				CLANG_WARN_CONSTANT_CONVERSION = YES;
				CLANG_WARN_DIRECT_OBJC_ISA_USAGE = YES_ERROR;
				CLANG_WARN_DOCUMENTATION_COMMENTS = YES;
				CLANG_WARN_EMPTY_BODY = YES;
				CLANG_WARN_ENUM_CONVERSION = YES;
				CLANG_WARN_INFINITE_RECURSION = YES;
				CLANG_WARN_INT_CONVERSION = YES;
				CLANG_WARN_OBJC_ROOT_CLASS = YES_ERROR;
				CLANG_WARN_SUSPICIOUS_MOVE = YES;
				CLANG_WARN_UNREACHABLE_CODE = YES;
				CLANG_WARN__DUPLICATE_METHOD_MATCH = YES;
				"CODE_SIGN_IDENTITY[sdk=iphoneos*]" = "iPhone Developer";
				COPY_PHASE_STRIP = NO;
				DEBUG_INFORMATION_FORMAT = "dwarf-with-dsym";
				ENABLE_NS_ASSERTIONS = NO;
				ENABLE_STRICT_OBJC_MSGSEND = YES;
				GCC_C_LANGUAGE_STANDARD = gnu99;
				GCC_NO_COMMON_BLOCKS = YES;
				GCC_WARN_64_TO_32_BIT_CONVERSION = YES;
				GCC_WARN_ABOUT_RETURN_TYPE = YES_ERROR;
				GCC_WARN_UNDECLARED_SELECTOR = YES;
				GCC_WARN_UNINITIALIZED_AUTOS = YES_AGGRESSIVE;
				GCC_WARN_UNUSED_FUNCTION = YES;
				GCC_WARN_UNUSED_VARIABLE = YES;
				IPHONEOS_DEPLOYMENT_TARGET = 10.3;
				MTL_ENABLE_DEBUG_INFO = NO;
				SDKROOT = iphoneos;
				SWIFT_OPTIMIZATION_LEVEL = "-Owholemodule";
				TARGETED_DEVICE_FAMILY = "1,2";
				VALIDATE_PRODUCT = YES;
			};
			name = Release;
		};
		8184BA841F3D569E004C10D3 /* Debug */ = {
			isa = XCBuildConfiguration;
			baseConfigurationReference = 2F80CFEB1A15B270946B23DA /* Pods-ListaVeiculosMoobie.debug.xcconfig */;
			buildSettings = {
				ASSETCATALOG_COMPILER_APPICON_NAME = AppIcon;
				DEVELOPMENT_TEAM = 889286V7CX;
				INFOPLIST_FILE = ListaVeiculosMoobie/Info.plist;
				LD_RUNPATH_SEARCH_PATHS = "$(inherited) @executable_path/Frameworks";
				PRODUCT_BUNDLE_IDENTIFIER = br.com.swiftprojetcs.ListaVeiculosMoobie;
				PRODUCT_NAME = "$(TARGET_NAME)";
				SWIFT_VERSION = 3.0;
			};
			name = Debug;
		};
		8184BA851F3D569E004C10D3 /* Release */ = {
			isa = XCBuildConfiguration;
			baseConfigurationReference = 1E189DF04B30E714610DFF2B /* Pods-ListaVeiculosMoobie.release.xcconfig */;
			buildSettings = {
				ASSETCATALOG_COMPILER_APPICON_NAME = AppIcon;
				DEVELOPMENT_TEAM = 889286V7CX;
				INFOPLIST_FILE = ListaVeiculosMoobie/Info.plist;
				LD_RUNPATH_SEARCH_PATHS = "$(inherited) @executable_path/Frameworks";
				PRODUCT_BUNDLE_IDENTIFIER = br.com.swiftprojetcs.ListaVeiculosMoobie;
				PRODUCT_NAME = "$(TARGET_NAME)";
				SWIFT_VERSION = 3.0;
			};
			name = Release;
		};
		8184BA871F3D569E004C10D3 /* Debug */ = {
			isa = XCBuildConfiguration;
			baseConfigurationReference = C2A736BE5511A45AAB509C29 /* Pods-ListaVeiculosMoobieTests.debug.xcconfig */;
			buildSettings = {
				ALWAYS_EMBED_SWIFT_STANDARD_LIBRARIES = YES;
				BUNDLE_LOADER = "$(TEST_HOST)";
				DEVELOPMENT_TEAM = 889286V7CX;
				INFOPLIST_FILE = ListaVeiculosMoobieTests/Info.plist;
				LD_RUNPATH_SEARCH_PATHS = "$(inherited) @executable_path/Frameworks @loader_path/Frameworks";
				PRODUCT_BUNDLE_IDENTIFIER = br.com.swiftprojetcs.ListaVeiculosMoobieTests;
				PRODUCT_NAME = "$(TARGET_NAME)";
				SWIFT_VERSION = 3.0;
				TEST_HOST = "$(BUILT_PRODUCTS_DIR)/ListaVeiculosMoobie.app/ListaVeiculosMoobie";
			};
			name = Debug;
		};
		8184BA881F3D569E004C10D3 /* Release */ = {
			isa = XCBuildConfiguration;
			baseConfigurationReference = C3EA127442B03752C4E4FBB6 /* Pods-ListaVeiculosMoobieTests.release.xcconfig */;
			buildSettings = {
				ALWAYS_EMBED_SWIFT_STANDARD_LIBRARIES = YES;
				BUNDLE_LOADER = "$(TEST_HOST)";
				DEVELOPMENT_TEAM = 889286V7CX;
				INFOPLIST_FILE = ListaVeiculosMoobieTests/Info.plist;
				LD_RUNPATH_SEARCH_PATHS = "$(inherited) @executable_path/Frameworks @loader_path/Frameworks";
				PRODUCT_BUNDLE_IDENTIFIER = br.com.swiftprojetcs.ListaVeiculosMoobieTests;
				PRODUCT_NAME = "$(TARGET_NAME)";
				SWIFT_VERSION = 3.0;
				TEST_HOST = "$(BUILT_PRODUCTS_DIR)/ListaVeiculosMoobie.app/ListaVeiculosMoobie";
			};
			name = Release;
		};
		8184BA8A1F3D569E004C10D3 /* Debug */ = {
			isa = XCBuildConfiguration;
			baseConfigurationReference = FC5A2F5F86BB19E050260010 /* Pods-ListaVeiculosMoobieUITests.debug.xcconfig */;
			buildSettings = {
				ALWAYS_EMBED_SWIFT_STANDARD_LIBRARIES = YES;
				DEVELOPMENT_TEAM = 889286V7CX;
				INFOPLIST_FILE = ListaVeiculosMoobieUITests/Info.plist;
				LD_RUNPATH_SEARCH_PATHS = "$(inherited) @executable_path/Frameworks @loader_path/Frameworks";
				PRODUCT_BUNDLE_IDENTIFIER = br.com.swiftprojetcs.ListaVeiculosMoobieUITests;
				PRODUCT_NAME = "$(TARGET_NAME)";
				SWIFT_VERSION = 3.0;
				TEST_TARGET_NAME = ListaVeiculosMoobie;
			};
			name = Debug;
		};
		8184BA8B1F3D569E004C10D3 /* Release */ = {
			isa = XCBuildConfiguration;
			baseConfigurationReference = C7E68ECAF7083222FF3F7949 /* Pods-ListaVeiculosMoobieUITests.release.xcconfig */;
			buildSettings = {
				ALWAYS_EMBED_SWIFT_STANDARD_LIBRARIES = YES;
				DEVELOPMENT_TEAM = 889286V7CX;
				INFOPLIST_FILE = ListaVeiculosMoobieUITests/Info.plist;
				LD_RUNPATH_SEARCH_PATHS = "$(inherited) @executable_path/Frameworks @loader_path/Frameworks";
				PRODUCT_BUNDLE_IDENTIFIER = br.com.swiftprojetcs.ListaVeiculosMoobieUITests;
				PRODUCT_NAME = "$(TARGET_NAME)";
				SWIFT_VERSION = 3.0;
				TEST_TARGET_NAME = ListaVeiculosMoobie;
			};
			name = Release;
		};
/* End XCBuildConfiguration section */

/* Begin XCConfigurationList section */
		8184BA561F3D569D004C10D3 /* Build configuration list for PBXProject "ListaVeiculosMoobie" */ = {
			isa = XCConfigurationList;
			buildConfigurations = (
				8184BA811F3D569E004C10D3 /* Debug */,
				8184BA821F3D569E004C10D3 /* Release */,
			);
			defaultConfigurationIsVisible = 0;
			defaultConfigurationName = Release;
		};
		8184BA831F3D569E004C10D3 /* Build configuration list for PBXNativeTarget "ListaVeiculosMoobie" */ = {
			isa = XCConfigurationList;
			buildConfigurations = (
				8184BA841F3D569E004C10D3 /* Debug */,
				8184BA851F3D569E004C10D3 /* Release */,
			);
			defaultConfigurationIsVisible = 0;
			defaultConfigurationName = Release;
		};
		8184BA861F3D569E004C10D3 /* Build configuration list for PBXNativeTarget "ListaVeiculosMoobieTests" */ = {
			isa = XCConfigurationList;
			buildConfigurations = (
				8184BA871F3D569E004C10D3 /* Debug */,
				8184BA881F3D569E004C10D3 /* Release */,
			);
			defaultConfigurationIsVisible = 0;
			defaultConfigurationName = Release;
		};
		8184BA891F3D569E004C10D3 /* Build configuration list for PBXNativeTarget "ListaVeiculosMoobieUITests" */ = {
			isa = XCConfigurationList;
			buildConfigurations = (
				8184BA8A1F3D569E004C10D3 /* Debug */,
				8184BA8B1F3D569E004C10D3 /* Release */,
			);
			defaultConfigurationIsVisible = 0;
			defaultConfigurationName = Release;
		};
/* End XCConfigurationList section */

/* Begin XCVersionGroup section */
		81D241151F4BC86500EFABE7 /* ListaVeiculosMoobie.xcdatamodeld */ = {
			isa = XCVersionGroup;
			children = (
				81D241161F4BC86500EFABE7 /* ListaVeiculosMoobie.xcdatamodel */,
			);
			currentVersion = 81D241161F4BC86500EFABE7 /* ListaVeiculosMoobie.xcdatamodel */;
			path = ListaVeiculosMoobie.xcdatamodeld;
			sourceTree = "<group>";
			versionGroupType = wrapper.xcdatamodel;
		};
/* End XCVersionGroup section */
	};
	rootObject = 8184BA531F3D569D004C10D3 /* Project object */;
}
